
Microsoft Visual Studio Solution File, Format Version 12.00
# Visual Studio Version 16
VisualStudioVersion = 16.0.30611.23
MinimumVisualStudioVersion = 10.0.40219.1
Project("{9A19103F-16F7-4668-BE54-9A1E7A4F7556}") = "MarsRover", "MarsRover\MarsRover.csproj", "{AA94E986-3C83-47D4-919A-4D6DA264A585}"
EndProject
Project("{9A19103F-16F7-4668-BE54-9A1E7A4F7556}") = "MarsRover.Console", "MarsRover.Console\MarsRover.Console.csproj", "{01CD79F1-8867-4005-A1F1-3DDFFCF9AF4D}"
EndProject
Project("{FAE04EC0-301F-11D3-BF4B-00C04F79EFBC}") = "MarsRover.Tests", "MarsRover.Tests\MarsRover.Tests.csproj", "{B3F1A251-0EF7-4D33-B5BA-7B2A96BC9B28}"
EndProject
Global
	GlobalSection(SolutionConfigurationPlatforms) = preSolution
		Debug|Any CPU = Debug|Any CPU
		Release|Any CPU = Release|Any CPU
	EndGlobalSection
	GlobalSection(ProjectConfigurationPlatforms) = postSolution
		{AA94E986-3C83-47D4-919A-4D6DA264A585}.Debug|Any CPU.ActiveCfg = Debug|Any CPU
		{AA94E986-3C83-47D4-919A-4D6DA264A585}.Debug|Any CPU.Build.0 = Debug|Any CPU
		{AA94E986-3C83-47D4-919A-4D6DA264A585}.Release|Any CPU.ActiveCfg = Release|Any CPU
		{AA94E986-3C83-47D4-919A-4D6DA264A585}.Release|Any CPU.Build.0 = Release|Any CPU
		{01CD79F1-8867-4005-A1F1-3DDFFCF9AF4D}.Debug|Any CPU.ActiveCfg = Debug|Any CPU
		{01CD79F1-8867-4005-A1F1-3DDFFCF9AF4D}.Debug|Any CPU.Build.0 = Debug|Any CPU
		{01CD79F1-8867-4005-A1F1-3DDFFCF9AF4D}.Release|Any CPU.ActiveCfg = Release|Any CPU
		{01CD79F1-8867-4005-A1F1-3DDFFCF9AF4D}.Release|Any CPU.Build.0 = Release|Any CPU
		{B3F1A251-0EF7-4D33-B5BA-7B2A96BC9B28}.Debug|Any CPU.ActiveCfg = Debug|Any CPU
		{B3F1A251-0EF7-4D33-B5BA-7B2A96BC9B28}.Debug|Any CPU.Build.0 = Debug|Any CPU
		{B3F1A251-0EF7-4D33-B5BA-7B2A96BC9B28}.Release|Any CPU.ActiveCfg = Release|Any CPU
		{B3F1A251-0EF7-4D33-B5BA-7B2A96BC9B28}.Release|Any CPU.Build.0 = Release|Any CPU
	EndGlobalSection
	GlobalSection(SolutionProperties) = preSolution
		HideSolutionNode = FALSE
	EndGlobalSection
	GlobalSection(ExtensibilityGlobals) = postSolution
		SolutionGuid = {EF040FDC-0FF9-4D33-A177-575D90C0CFB5}
	EndGlobalSection
EndGlobal
